
Microsoft Visual Studio Solution File, Format Version 12.00
# Visual Studio Version 17
VisualStudioVersion = 17.14.36518.9 d17.14
MinimumVisualStudioVersion = 10.0.40219.1
Project("{FAE04EC0-301F-11D3-BF4B-00C04F79EFBC}") = "KSHOP.PL", "KSHOP.PL\KSHOP.PL.csproj", "{A7639188-AA17-4CB2-985A-86ACBF19087F}"
EndProject
Global
	GlobalSection(SolutionConfigurationPlatforms) = preSolution
		Debug|Any CPU = Debug|Any CPU
		Release|Any CPU = Release|Any CPU
	EndGlobalSection
	GlobalSection(ProjectConfigurationPlatforms) = postSolution
		{A7639188-AA17-4CB2-985A-86ACBF19087F}.Debug|Any CPU.ActiveCfg = Debug|Any CPU
		{A7639188-AA17-4CB2-985A-86ACBF19087F}.Debug|Any CPU.Build.0 = Debug|Any CPU
		{A7639188-AA17-4CB2-985A-86ACBF19087F}.Release|Any CPU.ActiveCfg = Release|Any CPU
		{A7639188-AA17-4CB2-985A-86ACBF19087F}.Release|Any CPU.Build.0 = Release|Any CPU
	EndGlobalSection
	GlobalSection(SolutionProperties) = preSolution
		HideSolutionNode = FALSE
	EndGlobalSection
	GlobalSection(ExtensibilityGlobals) = postSolution
		SolutionGuid = {FA39B63C-B37A-4C97-AC83-37826B17F764}
	EndGlobalSection
EndGlobal
